
Microsoft Visual Studio Solution File, Format Version 12.00
# Visual Studio Version 17
VisualStudioVersion = 17.14.36915.13 d17.14
MinimumVisualStudioVersion = 10.0.40219.1
Project("{FAE04EC0-301F-11D3-BF4B-00C04F79EFBC}") = "Assignment session 4", "Assignment session 4\Assignment session 4.csproj", "{A86E736D-3D9D-43AE-98B6-A9955DF1755B}"
EndProject
Global
	GlobalSection(SolutionConfigurationPlatforms) = preSolution
		Debug|Any CPU = Debug|Any CPU
		Release|Any CPU = Release|Any CPU
	EndGlobalSection
	GlobalSection(ProjectConfigurationPlatforms) = postSolution
		{A86E736D-3D9D-43AE-98B6-A9955DF1755B}.Debug|Any CPU.ActiveCfg = Debug|Any CPU
		{A86E736D-3D9D-43AE-98B6-A9955DF1755B}.Debug|Any CPU.Build.0 = Debug|Any CPU
		{A86E736D-3D9D-43AE-98B6-A9955DF1755B}.Release|Any CPU.ActiveCfg = Release|Any CPU
		{A86E736D-3D9D-43AE-98B6-A9955DF1755B}.Release|Any CPU.Build.0 = Release|Any CPU
	EndGlobalSection
	GlobalSection(SolutionProperties) = preSolution
		HideSolutionNode = FALSE
	EndGlobalSection
	GlobalSection(ExtensibilityGlobals) = postSolution
		SolutionGuid = {3F3149BD-8C65-45B5-9724-2AC4BF3747A2}
	EndGlobalSection
EndGlobal
